
Microsoft Visual Studio Solution File, Format Version 12.00
# Visual Studio Version 17
VisualStudioVersion = 17.3.32929.385
MinimumVisualStudioVersion = 10.0.40219.1
Project("{9A19103F-16F7-4668-BE54-9A1E7A4F7556}") = "baker-biz", "baker-biz\baker-biz.csproj", "{DCC81165-6864-4648-B2E9-C608BD461E27}"
EndProject
Project("{9A19103F-16F7-4668-BE54-9A1E7A4F7556}") = "baker-biz-interfaces", "baker-biz-interfaces\baker-biz-interfaces.csproj", "{97F751B9-E7A3-4AD0-BA67-49FC2230C1D8}"
EndProject
Project("{9A19103F-16F7-4668-BE54-9A1E7A4F7556}") = "baker-biz-tests", "baker-biz-tests\baker-biz-tests.csproj", "{9051067D-09E9-4573-B665-9CBA2649F75C}"
	ProjectSection(ProjectDependencies) = postProject
		{97F751B9-E7A3-4AD0-BA67-49FC2230C1D8} = {97F751B9-E7A3-4AD0-BA67-49FC2230C1D8}
		{DCC81165-6864-4648-B2E9-C608BD461E27} = {DCC81165-6864-4648-B2E9-C608BD461E27}
	EndProjectSection
EndProject
Global
	GlobalSection(SolutionConfigurationPlatforms) = preSolution
		Debug|Any CPU = Debug|Any CPU
		Release|Any CPU = Release|Any CPU
	EndGlobalSection
	GlobalSection(ProjectConfigurationPlatforms) = postSolution
		{DCC81165-6864-4648-B2E9-C608BD461E27}.Debug|Any CPU.ActiveCfg = Debug|Any CPU
		{DCC81165-6864-4648-B2E9-C608BD461E27}.Debug|Any CPU.Build.0 = Debug|Any CPU
		{DCC81165-6864-4648-B2E9-C608BD461E27}.Release|Any CPU.ActiveCfg = Release|Any CPU
		{DCC81165-6864-4648-B2E9-C608BD461E27}.Release|Any CPU.Build.0 = Release|Any CPU
		{97F751B9-E7A3-4AD0-BA67-49FC2230C1D8}.Debug|Any CPU.ActiveCfg = Debug|Any CPU
		{97F751B9-E7A3-4AD0-BA67-49FC2230C1D8}.Debug|Any CPU.Build.0 = Debug|Any CPU
		{97F751B9-E7A3-4AD0-BA67-49FC2230C1D8}.Release|Any CPU.ActiveCfg = Release|Any CPU
		{97F751B9-E7A3-4AD0-BA67-49FC2230C1D8}.Release|Any CPU.Build.0 = Release|Any CPU
		{9051067D-09E9-4573-B665-9CBA2649F75C}.Debug|Any CPU.ActiveCfg = Debug|Any CPU
		{9051067D-09E9-4573-B665-9CBA2649F75C}.Debug|Any CPU.Build.0 = Debug|Any CPU
		{9051067D-09E9-4573-B665-9CBA2649F75C}.Release|Any CPU.ActiveCfg = Release|Any CPU
		{9051067D-09E9-4573-B665-9CBA2649F75C}.Release|Any CPU.Build.0 = Release|Any CPU
	EndGlobalSection
	GlobalSection(SolutionProperties) = preSolution
		HideSolutionNode = FALSE
	EndGlobalSection
	GlobalSection(ExtensibilityGlobals) = postSolution
		SolutionGuid = {2268AE41-B9F7-48D0-B898-843E80C2C4EE}
	EndGlobalSection
EndGlobal
